
Microsoft Visual Studio Solution File, Format Version 12.00
# Visual Studio Version 16
VisualStudioVersion = 16.0.30114.105
MinimumVisualStudioVersion = 10.0.40219.1
Project("{2150E333-8FDC-42A3-9474-1A3956D46DE8}") = "src", "src", "{2CE97562-B5F1-4DB8-8B34-BE35052EA885}"
EndProject
Project("{FAE04EC0-301F-11D3-BF4B-00C04F79EFBC}") = "Data", "lib\Data\Data.csproj", "{6CD2C31F-40DA-42DC-BC44-0D02870F9C6E}"
EndProject
Project("{FAE04EC0-301F-11D3-BF4B-00C04F79EFBC}") = "MvcApi", "src\MvcApi\MvcApi.csproj", "{255D9D7D-8519-4983-B7DD-E7DFB2C6AC24}"
EndProject
Project("{FAE04EC0-301F-11D3-BF4B-00C04F79EFBC}") = "Hypermedia", "lib\Hypermedia\Hypermedia.csproj", "{A6D8F420-7747-4A4A-9719-F3EE16A0614B}"
EndProject
Project("{2150E333-8FDC-42A3-9474-1A3956D46DE8}") = "lib", "lib", "{5BFE3A10-D7B1-4F35-8B4F-C9B9F0335D7D}"
EndProject
Project("{FAE04EC0-301F-11D3-BF4B-00C04F79EFBC}") = "MinimalApi", "src\MinimalApi\MinimalApi.csproj", "{F612F73C-EE9E-43B5-B92E-EF84B393437A}"
EndProject
Project("{FAE04EC0-301F-11D3-BF4B-00C04F79EFBC}") = "HashedIds", "lib\HashedIds\HashedIds.csproj", "{3E9F4E37-4B55-44D1-A87D-25D55AFC41C5}"
EndProject
Project("{FAE04EC0-301F-11D3-BF4B-00C04F79EFBC}") = "MinimalValidation", "lib\MinimalValidation\MinimalValidation.csproj", "{0C196FA6-AD01-4DF8-AF49-54EBDDA96B8C}"
EndProject
Project("{FAE04EC0-301F-11D3-BF4B-00C04F79EFBC}") = "MinimalHypermedia", "lib\MinimalHypermedia\MinimalHypermedia.csproj", "{3A8B7A14-5FFA-44FE-AB43-B73A9A2127FD}"
EndProject
Project("{FAE04EC0-301F-11D3-BF4B-00C04F79EFBC}") = "OperationCancelation", "lib\OperationCancelation\OperationCancelation.csproj", "{EFE6D4EB-6C5A-41D0-A4FC-35172A192EC6}"
EndProject
Project("{2150E333-8FDC-42A3-9474-1A3956D46DE8}") = "benchmarks", "benchmarks", "{04123E07-4874-455E-8B38-3545ACFEFEC5}"
EndProject
Project("{FAE04EC0-301F-11D3-BF4B-00C04F79EFBC}") = "Benchmarks", "benchmarks\Benchmarks\Benchmarks.csproj", "{7A4E95E6-18C3-4938-B987-32676C0E8CEC}"
EndProject
Project("{FAE04EC0-301F-11D3-BF4B-00C04F79EFBC}") = "Simple", "lib\Simple\Simple.csproj", "{8D894CDD-AD5A-42E3-8144-9CF8A8D42C96}"
EndProject
Project("{FAE04EC0-301F-11D3-BF4B-00C04F79EFBC}") = "SimpleMinimalApi", "src\SimpleMinimalApi\SimpleMinimalApi.csproj", "{19FDA37D-2663-4D3A-B06F-43BF9809FF11}"
EndProject
Global
	GlobalSection(SolutionConfigurationPlatforms) = preSolution
		Debug|Any CPU = Debug|Any CPU
		Release|Any CPU = Release|Any CPU
	EndGlobalSection
	GlobalSection(SolutionProperties) = preSolution
		HideSolutionNode = FALSE
	EndGlobalSection
	GlobalSection(ProjectConfigurationPlatforms) = postSolution
		{6CD2C31F-40DA-42DC-BC44-0D02870F9C6E}.Debug|Any CPU.ActiveCfg = Debug|Any CPU
		{6CD2C31F-40DA-42DC-BC44-0D02870F9C6E}.Debug|Any CPU.Build.0 = Debug|Any CPU
		{6CD2C31F-40DA-42DC-BC44-0D02870F9C6E}.Release|Any CPU.ActiveCfg = Release|Any CPU
		{6CD2C31F-40DA-42DC-BC44-0D02870F9C6E}.Release|Any CPU.Build.0 = Release|Any CPU
		{255D9D7D-8519-4983-B7DD-E7DFB2C6AC24}.Debug|Any CPU.ActiveCfg = Debug|Any CPU
		{255D9D7D-8519-4983-B7DD-E7DFB2C6AC24}.Debug|Any CPU.Build.0 = Debug|Any CPU
		{255D9D7D-8519-4983-B7DD-E7DFB2C6AC24}.Release|Any CPU.ActiveCfg = Release|Any CPU
		{255D9D7D-8519-4983-B7DD-E7DFB2C6AC24}.Release|Any CPU.Build.0 = Release|Any CPU
		{A6D8F420-7747-4A4A-9719-F3EE16A0614B}.Debug|Any CPU.ActiveCfg = Debug|Any CPU
		{A6D8F420-7747-4A4A-9719-F3EE16A0614B}.Debug|Any CPU.Build.0 = Debug|Any CPU
		{A6D8F420-7747-4A4A-9719-F3EE16A0614B}.Release|Any CPU.ActiveCfg = Release|Any CPU
		{A6D8F420-7747-4A4A-9719-F3EE16A0614B}.Release|Any CPU.Build.0 = Release|Any CPU
		{F612F73C-EE9E-43B5-B92E-EF84B393437A}.Debug|Any CPU.ActiveCfg = Debug|Any CPU
		{F612F73C-EE9E-43B5-B92E-EF84B393437A}.Debug|Any CPU.Build.0 = Debug|Any CPU
		{F612F73C-EE9E-43B5-B92E-EF84B393437A}.Release|Any CPU.ActiveCfg = Release|Any CPU
		{F612F73C-EE9E-43B5-B92E-EF84B393437A}.Release|Any CPU.Build.0 = Release|Any CPU
		{3E9F4E37-4B55-44D1-A87D-25D55AFC41C5}.Debug|Any CPU.ActiveCfg = Debug|Any CPU
		{3E9F4E37-4B55-44D1-A87D-25D55AFC41C5}.Debug|Any CPU.Build.0 = Debug|Any CPU
		{3E9F4E37-4B55-44D1-A87D-25D55AFC41C5}.Release|Any CPU.ActiveCfg = Release|Any CPU
		{3E9F4E37-4B55-44D1-A87D-25D55AFC41C5}.Release|Any CPU.Build.0 = Release|Any CPU
		{0C196FA6-AD01-4DF8-AF49-54EBDDA96B8C}.Debug|Any CPU.ActiveCfg = Debug|Any CPU
		{0C196FA6-AD01-4DF8-AF49-54EBDDA96B8C}.Debug|Any CPU.Build.0 = Debug|Any CPU
		{0C196FA6-AD01-4DF8-AF49-54EBDDA96B8C}.Release|Any CPU.ActiveCfg = Release|Any CPU
		{0C196FA6-AD01-4DF8-AF49-54EBDDA96B8C}.Release|Any CPU.Build.0 = Release|Any CPU
		{3A8B7A14-5FFA-44FE-AB43-B73A9A2127FD}.Debug|Any CPU.ActiveCfg = Debug|Any CPU
		{3A8B7A14-5FFA-44FE-AB43-B73A9A2127FD}.Debug|Any CPU.Build.0 = Debug|Any CPU
		{3A8B7A14-5FFA-44FE-AB43-B73A9A2127FD}.Release|Any CPU.ActiveCfg = Release|Any CPU
		{3A8B7A14-5FFA-44FE-AB43-B73A9A2127FD}.Release|Any CPU.Build.0 = Release|Any CPU
		{EFE6D4EB-6C5A-41D0-A4FC-35172A192EC6}.Debug|Any CPU.ActiveCfg = Debug|Any CPU
		{EFE6D4EB-6C5A-41D0-A4FC-35172A192EC6}.Debug|Any CPU.Build.0 = Debug|Any CPU
		{EFE6D4EB-6C5A-41D0-A4FC-35172A192EC6}.Release|Any CPU.ActiveCfg = Release|Any CPU
		{EFE6D4EB-6C5A-41D0-A4FC-35172A192EC6}.Release|Any CPU.Build.0 = Release|Any CPU
		{7A4E95E6-18C3-4938-B987-32676C0E8CEC}.Debug|Any CPU.ActiveCfg = Debug|Any CPU
		{7A4E95E6-18C3-4938-B987-32676C0E8CEC}.Debug|Any CPU.Build.0 = Debug|Any CPU
		{7A4E95E6-18C3-4938-B987-32676C0E8CEC}.Release|Any CPU.ActiveCfg = Release|Any CPU
		{7A4E95E6-18C3-4938-B987-32676C0E8CEC}.Release|Any CPU.Build.0 = Release|Any CPU
		{8D894CDD-AD5A-42E3-8144-9CF8A8D42C96}.Debug|Any CPU.ActiveCfg = Debug|Any CPU
		{8D894CDD-AD5A-42E3-8144-9CF8A8D42C96}.Debug|Any CPU.Build.0 = Debug|Any CPU
		{8D894CDD-AD5A-42E3-8144-9CF8A8D42C96}.Release|Any CPU.ActiveCfg = Release|Any CPU
		{8D894CDD-AD5A-42E3-8144-9CF8A8D42C96}.Release|Any CPU.Build.0 = Release|Any CPU
		{19FDA37D-2663-4D3A-B06F-43BF9809FF11}.Debug|Any CPU.ActiveCfg = Debug|Any CPU
		{19FDA37D-2663-4D3A-B06F-43BF9809FF11}.Debug|Any CPU.Build.0 = Debug|Any CPU
		{19FDA37D-2663-4D3A-B06F-43BF9809FF11}.Release|Any CPU.ActiveCfg = Release|Any CPU
		{19FDA37D-2663-4D3A-B06F-43BF9809FF11}.Release|Any CPU.Build.0 = Release|Any CPU
	EndGlobalSection
	GlobalSection(NestedProjects) = preSolution
		{6CD2C31F-40DA-42DC-BC44-0D02870F9C6E} = {5BFE3A10-D7B1-4F35-8B4F-C9B9F0335D7D}
		{255D9D7D-8519-4983-B7DD-E7DFB2C6AC24} = {2CE97562-B5F1-4DB8-8B34-BE35052EA885}
		{A6D8F420-7747-4A4A-9719-F3EE16A0614B} = {5BFE3A10-D7B1-4F35-8B4F-C9B9F0335D7D}
		{F612F73C-EE9E-43B5-B92E-EF84B393437A} = {2CE97562-B5F1-4DB8-8B34-BE35052EA885}
		{3E9F4E37-4B55-44D1-A87D-25D55AFC41C5} = {5BFE3A10-D7B1-4F35-8B4F-C9B9F0335D7D}
		{0C196FA6-AD01-4DF8-AF49-54EBDDA96B8C} = {5BFE3A10-D7B1-4F35-8B4F-C9B9F0335D7D}
		{3A8B7A14-5FFA-44FE-AB43-B73A9A2127FD} = {5BFE3A10-D7B1-4F35-8B4F-C9B9F0335D7D}
		{EFE6D4EB-6C5A-41D0-A4FC-35172A192EC6} = {5BFE3A10-D7B1-4F35-8B4F-C9B9F0335D7D}
		{7A4E95E6-18C3-4938-B987-32676C0E8CEC} = {04123E07-4874-455E-8B38-3545ACFEFEC5}
		{8D894CDD-AD5A-42E3-8144-9CF8A8D42C96} = {5BFE3A10-D7B1-4F35-8B4F-C9B9F0335D7D}
		{19FDA37D-2663-4D3A-B06F-43BF9809FF11} = {2CE97562-B5F1-4DB8-8B34-BE35052EA885}
	EndGlobalSection
EndGlobal
